
Microsoft Visual Studio Solution File, Format Version 12.00
# Visual Studio Version 16
VisualStudioVersion = 16.0.31424.327
MinimumVisualStudioVersion = 10.0.40219.1
Project("{FAE04EC0-301F-11D3-BF4B-00C04F79EFBC}") = "Izbori", "Izbori\Izbori.csproj", "{7FFB81C4-2187-4A7A-AEBA-7DE9388A6D9D}"
EndProject
Global
	GlobalSection(SolutionConfigurationPlatforms) = preSolution
		Debug|Any CPU = Debug|Any CPU
		Release|Any CPU = Release|Any CPU
	EndGlobalSection
	GlobalSection(ProjectConfigurationPlatforms) = postSolution
		{7FFB81C4-2187-4A7A-AEBA-7DE9388A6D9D}.Debug|Any CPU.ActiveCfg = Debug|Any CPU
		{7FFB81C4-2187-4A7A-AEBA-7DE9388A6D9D}.Debug|Any CPU.Build.0 = Debug|Any CPU
		{7FFB81C4-2187-4A7A-AEBA-7DE9388A6D9D}.Release|Any CPU.ActiveCfg = Release|Any CPU
		{7FFB81C4-2187-4A7A-AEBA-7DE9388A6D9D}.Release|Any CPU.Build.0 = Release|Any CPU
	EndGlobalSection
	GlobalSection(SolutionProperties) = preSolution
		HideSolutionNode = FALSE
	EndGlobalSection
	GlobalSection(ExtensibilityGlobals) = postSolution
		SolutionGuid = {D409D26B-F999-4B9F-86F4-F7CE7937E786}
	EndGlobalSection
EndGlobal
